
Microsoft Visual Studio Solution File, Format Version 12.00
# Visual Studio Version 17
VisualStudioVersion = 17.14.36705.20 d17.14
MinimumVisualStudioVersion = 10.0.40219.1
Project("{FAE04EC0-301F-11D3-BF4B-00C04F79EFBC}") = "ProductManagement_Api_20260404", "ProductManagement_Api_20260404\ProductManagement_Api_20260404.csproj", "{187B4735-08EF-45B3-8ABB-55A95B4B0999}"
EndProject
Global
	GlobalSection(SolutionConfigurationPlatforms) = preSolution
		Debug|Any CPU = Debug|Any CPU
		Release|Any CPU = Release|Any CPU
	EndGlobalSection
	GlobalSection(ProjectConfigurationPlatforms) = postSolution
		{187B4735-08EF-45B3-8ABB-55A95B4B0999}.Debug|Any CPU.ActiveCfg = Debug|Any CPU
		{187B4735-08EF-45B3-8ABB-55A95B4B0999}.Debug|Any CPU.Build.0 = Debug|Any CPU
		{187B4735-08EF-45B3-8ABB-55A95B4B0999}.Release|Any CPU.ActiveCfg = Release|Any CPU
		{187B4735-08EF-45B3-8ABB-55A95B4B0999}.Release|Any CPU.Build.0 = Release|Any CPU
	EndGlobalSection
	GlobalSection(SolutionProperties) = preSolution
		HideSolutionNode = FALSE
	EndGlobalSection
	GlobalSection(ExtensibilityGlobals) = postSolution
		SolutionGuid = {3A75EB59-EB27-41A7-A206-65B560905A3D}
	EndGlobalSection
EndGlobal
