
Microsoft Visual Studio Solution File, Format Version 12.00
# Visual Studio Version 17
VisualStudioVersion = 17.14.36705.20 d17.14
MinimumVisualStudioVersion = 10.0.40219.1
Project("{FAE04EC0-301F-11D3-BF4B-00C04F79EFBC}") = "EchoShelf_1", "EchoShelf_1\EchoShelf_1.csproj", "{8D4E7C0E-0E8D-45E1-B2EA-DD746851C074}"
EndProject
Global
	GlobalSection(SolutionConfigurationPlatforms) = preSolution
		Debug|Any CPU = Debug|Any CPU
		Release|Any CPU = Release|Any CPU
	EndGlobalSection
	GlobalSection(ProjectConfigurationPlatforms) = postSolution
		{8D4E7C0E-0E8D-45E1-B2EA-DD746851C074}.Debug|Any CPU.ActiveCfg = Debug|Any CPU
		{8D4E7C0E-0E8D-45E1-B2EA-DD746851C074}.Debug|Any CPU.Build.0 = Debug|Any CPU
		{8D4E7C0E-0E8D-45E1-B2EA-DD746851C074}.Release|Any CPU.ActiveCfg = Release|Any CPU
		{8D4E7C0E-0E8D-45E1-B2EA-DD746851C074}.Release|Any CPU.Build.0 = Release|Any CPU
	EndGlobalSection
	GlobalSection(SolutionProperties) = preSolution
		HideSolutionNode = FALSE
	EndGlobalSection
	GlobalSection(ExtensibilityGlobals) = postSolution
		SolutionGuid = {E37868A6-C29D-4321-BCF2-371DBCD15A94}
	EndGlobalSection
EndGlobal
